// !$*UTF8*$!
{
	archiveVersion = 1;
	classes = {
	};
	objectVersion = 50;
	objects = {

/* Begin PBXBuildFile section */
		658D299223F206C000D7D20A /* AppDelegate.swift in Sources */ = {isa = PBXBuildFile; fileRef = 658D299123F206C000D7D20A /* AppDelegate.swift */; };
		658D299423F206C000D7D20A /* SceneDelegate.swift in Sources */ = {isa = PBXBuildFile; fileRef = 658D299323F206C000D7D20A /* SceneDelegate.swift */; };
		658D299923F206C000D7D20A /* Main.storyboard in Resources */ = {isa = PBXBuildFile; fileRef = 658D299723F206C000D7D20A /* Main.storyboard */; };
		658D299B23F206C100D7D20A /* Assets.xcassets in Resources */ = {isa = PBXBuildFile; fileRef = 658D299A23F206C100D7D20A /* Assets.xcassets */; };
		658D299E23F206C100D7D20A /* LaunchScreen.storyboard in Resources */ = {isa = PBXBuildFile; fileRef = 658D299C23F206C100D7D20A /* LaunchScreen.storyboard */; };
/* End PBXBuildFile section */

/* Begin PBXFileReference section */
		658D298E23F206C000D7D20A /* SpreadsCalculator.app */ = {isa = PBXFileReference; explicitFileType = wrapper.application; includeInIndex = 0; path = SpreadsCalculator.app; sourceTree = BUILT_PRODUCTS_DIR; };
		658D299123F206C000D7D20A /* AppDelegate.swift */ = {isa = PBXFileReference; lastKnownFileType = sourcecode.swift; path = AppDelegate.swift; sourceTree = "<group>"; };
		658D299323F206C000D7D20A /* SceneDelegate.swift */ = {isa = PBXFileReference; lastKnownFileType = sourcecode.swift; path = SceneDelegate.swift; sourceTree = "<group>"; };
		658D299823F206C000D7D20A /* Base */ = {isa = PBXFileReference; lastKnownFileType = file.storyboard; name = Base; path = Base.lproj/Main.storyboard; sourceTree = "<group>"; };
		658D299A23F206C100D7D20A /* Assets.xcassets */ = {isa = PBXFileReference; lastKnownFileType = folder.assetcatalog; path = Assets.xcassets; sourceTree = "<group>"; };
		658D299D23F206C100D7D20A /* Base */ = {isa = PBXFileReference; lastKnownFileType = file.storyboard; name = Base; path = Base.lproj/LaunchScreen.storyboard; sourceTree = "<group>"; };
		658D299F23F206C100D7D20A /* Info.plist */ = {isa = PBXFileReference; lastKnownFileType = text.plist.xml; path = Info.plist; sourceTree = "<group>"; };
/* End PBXFileReference section */

/* Begin PBXFrameworksBuildPhase section */
		658D298B23F206C000D7D20A /* Frameworks */ = {
			isa = PBXFrameworksBuildPhase;
			buildActionMask = 2147483647;
			files = (
			);
			runOnlyForDeploymentPostprocessing = 0;
		};
/* End PBXFrameworksBuildPhase section */

/* Begin PBXGroup section */
		658D298523F206C000D7D20A = {
			isa = PBXGroup;
			children = (
				658D299023F206C000D7D20A /* SpreadsCalculator */,
				658D298F23F206C000D7D20A /* Products */,
			);
			sourceTree = "<group>";
		};
		658D298F23F206C000D7D20A /* Products */ = {
			isa = PBXGroup;
			children = (
				658D298E23F206C000D7D20A /* SpreadsCalculator.app */,
			);
			name = Products;
			sourceTree = "<group>";
		};
		658D299023F206C000D7D20A /* SpreadsCalculator */ = {
			isa = PBXGroup;
			children = (
				658D29A823F2083400D7D20A /* Models */,
				658D29A723F2082B00D7D20A /* Controllers */,
				658D29A623F2082400D7D20A /* Views */,
				658D29A523F207B800D7D20A /* Resources */,
			);
			path = SpreadsCalculator;
			sourceTree = "<group>";
		};
		658D29A523F207B800D7D20A /* Resources */ = {
			isa = PBXGroup;
			children = (
				658D299123F206C000D7D20A /* AppDelegate.swift */,
				658D299323F206C000D7D20A /* SceneDelegate.swift */,
				658D299A23F206C100D7D20A /* Assets.xcassets */,
				658D299C23F206C100D7D20A /* LaunchScreen.storyboard */,
				658D299F23F206C100D7D20A /* Info.plist */,
			);
			path = Resources;
			sourceTree = "<group>";
		};
		658D29A623F2082400D7D20A /* Views */ = {
			isa = PBXGroup;
			children = (
				658D299723F206C000D7D20A /* Main.storyboard */,
			);
			path = Views;
			sourceTree = "<group>";
		};
		658D29A723F2082B00D7D20A /* Controllers */ = {
			isa = PBXGroup;
			children = (
				658D29AA23F2083B00D7D20A /* View Controller */,
				658D29A923F2083700D7D20A /* Model Controller */,
			);
			path = Controllers;
			sourceTree = "<group>";
		};
		658D29A823F2083400D7D20A /* Models */ = {
			isa = PBXGroup;
			children = (
			);
			path = Models;
			sourceTree = "<group>";
		};
		658D29A923F2083700D7D20A /* Model Controller */ = {
			isa = PBXGroup;
			children = (
			);
			path = "Model Controller";
			sourceTree = "<group>";
		};
		658D29AA23F2083B00D7D20A /* View Controller */ = {
			isa = PBXGroup;
			children = (
			);
			path = "View Controller";
			sourceTree = "<group>";
		};
/* End PBXGroup section */

/* Begin PBXNativeTarget section */
		658D298D23F206C000D7D20A /* SpreadsCalculator */ = {
			isa = PBXNativeTarget;
			buildConfigurationList = 658D29A223F206C100D7D20A /* Build configuration list for PBXNativeTarget "SpreadsCalculator" */;
			buildPhases = (
				658D298A23F206C000D7D20A /* Sources */,
				658D298B23F206C000D7D20A /* Frameworks */,
				658D298C23F206C000D7D20A /* Resources */,
			);
			buildRules = (
			);
			dependencies = (
			);
			name = SpreadsCalculator;
			productName = SpreadsCalculator;
			productReference = 658D298E23F206C000D7D20A /* SpreadsCalculator.app */;
			productType = "com.apple.product-type.application";
		};
/* End PBXNativeTarget section */

/* Begin PBXProject section */
		658D298623F206C000D7D20A /* Project object */ = {
			isa = PBXProject;
			attributes = {
				LastSwiftUpdateCheck = 1130;
				LastUpgradeCheck = 1130;
				ORGANIZATIONNAME = "Devin Singh";
				TargetAttributes = {
					658D298D23F206C000D7D20A = {
						CreatedOnToolsVersion = 11.3.1;
					};
				};
			};
			buildConfigurationList = 658D298923F206C000D7D20A /* Build configuration list for PBXProject "SpreadsCalculator" */;
			compatibilityVersion = "Xcode 9.3";
			developmentRegion = en;
			hasScannedForEncodings = 0;
			knownRegions = (
				en,
				Base,
			);
			mainGroup = 658D298523F206C000D7D20A;
			productRefGroup = 658D298F23F206C000D7D20A /* Products */;
			projectDirPath = "";
			projectRoot = "";
			targets = (
				658D298D23F206C000D7D20A /* SpreadsCalculator */,
			);
		};
/* End PBXProject section */

/* Begin PBXResourcesBuildPhase section */
		658D298C23F206C000D7D20A /* Resources */ = {
			isa = PBXResourcesBuildPhase;
			buildActionMask = 2147483647;
			files = (
				658D299E23F206C100D7D20A /* LaunchScreen.storyboard in Resources */,
				658D299B23F206C100D7D20A /* Assets.xcassets in Resources */,
				658D299923F206C000D7D20A /* Main.storyboard in Resources */,
			);
			runOnlyForDeploymentPostprocessing = 0;
		};
/* End PBXResourcesBuildPhase section */

/* Begin PBXSourcesBuildPhase section */
		658D298A23F206C000D7D20A /* Sources */ = {
			isa = PBXSourcesBuildPhase;
			buildActionMask = 2147483647;
			files = (
				658D299223F206C000D7D20A /* AppDelegate.swift in Sources */,
				658D299423F206C000D7D20A /* SceneDelegate.swift in Sources */,
			);
			runOnlyForDeploymentPostprocessing = 0;
		};
/* End PBXSourcesBuildPhase section */

/* Begin PBXVariantGroup section */
		658D299723F206C000D7D20A /* Main.storyboard */ = {
			isa = PBXVariantGroup;
			children = (
				658D299823F206C000D7D20A /* Base */,
			);
			name = Main.storyboard;
			sourceTree = "<group>";
		};
		658D299C23F206C100D7D20A /* LaunchScreen.storyboard */ = {
			isa = PBXVariantGroup;
			children = (
				658D299D23F206C100D7D20A /* Base */,
			);
			name = LaunchScreen.storyboard;
			sourceTree = "<group>";
		};
/* End PBXVariantGroup section */

/* Begin XCBuildConfiguration section */
		658D29A023F206C100D7D20A /* Debug */ = {
			isa = XCBuildConfiguration;
			buildSettings = {
				ALWAYS_SEARCH_USER_PATHS = NO;
				CLANG_ANALYZER_NONNULL = YES;
				CLANG_ANALYZER_NUMBER_OBJECT_CONVERSION = YES_AGGRESSIVE;
				CLANG_CXX_LANGUAGE_STANDARD = "gnu++14";
				CLANG_CXX_LIBRARY = "libc++";
				CLANG_ENABLE_MODULES = YES;
				CLANG_ENABLE_OBJC_ARC = YES;
				CLANG_ENABLE_OBJC_WEAK = YES;
				CLANG_WARN_BLOCK_CAPTURE_AUTORELEASING = YES;
				CLANG_WARN_BOOL_CONVERSION = YES;
				CLANG_WARN_COMMA = YES;
				CLANG_WARN_CONSTANT_CONVERSION = YES;
				CLANG_WARN_DEPRECATED_OBJC_IMPLEMENTATIONS = YES;
				CLANG_WARN_DIRECT_OBJC_ISA_USAGE = YES_ERROR;
				CLANG_WARN_DOCUMENTATION_COMMENTS = YES;
				CLANG_WARN_EMPTY_BODY = YES;
				CLANG_WARN_ENUM_CONVERSION = YES;
				CLANG_WARN_INFINITE_RECURSION = YES;
				CLANG_WARN_INT_CONVERSION = YES;
				CLANG_WARN_NON_LITERAL_NULL_CONVERSION = YES;
				CLANG_WARN_OBJC_IMPLICIT_RETAIN_SELF = YES;
				CLANG_WARN_OBJC_LITERAL_CONVERSION = YES;
				CLANG_WARN_OBJC_ROOT_CLASS = YES_ERROR;
				CLANG_WARN_RANGE_LOOP_ANALYSIS = YES;
				CLANG_WARN_STRICT_PROTOTYPES = YES;
				CLANG_WARN_SUSPICIOUS_MOVE = YES;
				CLANG_WARN_UNGUARDED_AVAILABILITY = YES_AGGRESSIVE;
				CLANG_WARN_UNREACHABLE_CODE = YES;
				CLANG_WARN__DUPLICATE_METHOD_MATCH = YES;
				COPY_PHASE_STRIP = NO;
				DEBUG_INFORMATION_FORMAT = dwarf;
				ENABLE_STRICT_OBJC_MSGSEND = YES;
				ENABLE_TESTABILITY = YES;
				GCC_C_LANGUAGE_STANDARD = gnu11;
				GCC_DYNAMIC_NO_PIC = NO;
				GCC_NO_COMMON_BLOCKS = YES;
				GCC_OPTIMIZATION_LEVEL = 0;
				GCC_PREPROCESSOR_DEFINITIONS = (
					"DEBUG=1",
					"$(inherited)",
				);
				GCC_WARN_64_TO_32_BIT_CONVERSION = YES;
				GCC_WARN_ABOUT_RETURN_TYPE = YES_ERROR;
				GCC_WARN_UNDECLARED_SELECTOR = YES;
				GCC_WARN_UNINITIALIZED_AUTOS = YES_AGGRESSIVE;
				GCC_WARN_UNUSED_FUNCTION = YES;
				GCC_WARN_UNUSED_VARIABLE = YES;
				IPHONEOS_DEPLOYMENT_TARGET = 13.2;
				MTL_ENABLE_DEBUG_INFO = INCLUDE_SOURCE;
				MTL_FAST_MATH = YES;
				ONLY_ACTIVE_ARCH = YES;
				SDKROOT = iphoneos;
				SWIFT_ACTIVE_COMPILATION_CONDITIONS = DEBUG;
				SWIFT_OPTIMIZATION_LEVEL = "-Onone";
			};
			name = Debug;
		};
		658D29A123F206C100D7D20A /* Release */ = {
			isa = XCBuildConfiguration;
			buildSettings = {
				ALWAYS_SEARCH_USER_PATHS = NO;
				CLANG_ANALYZER_NONNULL = YES;
				CLANG_ANALYZER_NUMBER_OBJECT_CONVERSION = YES_AGGRESSIVE;
				CLANG_CXX_LANGUAGE_STANDARD = "gnu++14";
				CLANG_CXX_LIBRARY = "libc++";
				CLANG_ENABLE_MODULES = YES;
				CLANG_ENABLE_OBJC_ARC = YES;
				CLANG_ENABLE_OBJC_WEAK = YES;
				CLANG_WARN_BLOCK_CAPTURE_AUTORELEASING = YES;
				CLANG_WARN_BOOL_CONVERSION = YES;
				CLANG_WARN_COMMA = YES;
				CLANG_WARN_CONSTANT_CONVERSION = YES;
				CLANG_WARN_DEPRECATED_OBJC_IMPLEMENTATIONS = YES;
				CLANG_WARN_DIRECT_OBJC_ISA_USAGE = YES_ERROR;
				CLANG_WARN_DOCUMENTATION_COMMENTS = YES;
				CLANG_WARN_EMPTY_BODY = YES;
				CLANG_WARN_ENUM_CONVERSION = YES;
				CLANG_WARN_INFINITE_RECURSION = YES;
				CLANG_WARN_INT_CONVERSION = YES;
				CLANG_WARN_NON_LITERAL_NULL_CONVERSION = YES;
				CLANG_WARN_OBJC_IMPLICIT_RETAIN_SELF = YES;
				CLANG_WARN_OBJC_LITERAL_CONVERSION = YES;
				CLANG_WARN_OBJC_ROOT_CLASS = YES_ERROR;
				CLANG_WARN_RANGE_LOOP_ANALYSIS = YES;
				CLANG_WARN_STRICT_PROTOTYPES = YES;
				CLANG_WARN_SUSPICIOUS_MOVE = YES;
				CLANG_WARN_UNGUARDED_AVAILABILITY = YES_AGGRESSIVE;
				CLANG_WARN_UNREACHABLE_CODE = YES;
				CLANG_WARN__DUPLICATE_METHOD_MATCH = YES;
				COPY_PHASE_STRIP = NO;
				DEBUG_INFORMATION_FORMAT = "dwarf-with-dsym";
				ENABLE_NS_ASSERTIONS = NO;
				ENABLE_STRICT_OBJC_MSGSEND = YES;
				GCC_C_LANGUAGE_STANDARD = gnu11;
				GCC_NO_COMMON_BLOCKS = YES;
				GCC_WARN_64_TO_32_BIT_CONVERSION = YES;
				GCC_WARN_ABOUT_RETURN_TYPE = YES_ERROR;
				GCC_WARN_UNDECLARED_SELECTOR = YES;
				GCC_WARN_UNINITIALIZED_AUTOS = YES_AGGRESSIVE;
				GCC_WARN_UNUSED_FUNCTION = YES;
				GCC_WARN_UNUSED_VARIABLE = YES;
				IPHONEOS_DEPLOYMENT_TARGET = 13.2;
				MTL_ENABLE_DEBUG_INFO = NO;
				MTL_FAST_MATH = YES;
				SDKROOT = iphoneos;
				SWIFT_COMPILATION_MODE = wholemodule;
				SWIFT_OPTIMIZATION_LEVEL = "-O";
				VALIDATE_PRODUCT = YES;
			};
			name = Release;
		};
		658D29A323F206C100D7D20A /* Debug */ = {
			isa = XCBuildConfiguration;
			buildSettings = {
				ASSETCATALOG_COMPILER_APPICON_NAME = AppIcon;
				CODE_SIGN_STYLE = Automatic;
				DEVELOPMENT_TEAM = J6T2JGDSTV;
				INFOPLIST_FILE = SpreadsCalculator/Info.plist;
				LD_RUNPATH_SEARCH_PATHS = (
					"$(inherited)",
					"@executable_path/Frameworks",
				);
				PRODUCT_BUNDLE_IDENTIFIER = com.DevinS.SpreadsCalculator;
				PRODUCT_NAME = "$(TARGET_NAME)";
				SWIFT_VERSION = 5.0;
				TARGETED_DEVICE_FAMILY = "1,2";
			};
			name = Debug;
		};
		658D29A423F206C100D7D20A /* Release */ = {
			isa = XCBuildConfiguration;
			buildSettings = {
				ASSETCATALOG_COMPILER_APPICON_NAME = AppIcon;
				CODE_SIGN_STYLE = Automatic;
				DEVELOPMENT_TEAM = J6T2JGDSTV;
				INFOPLIST_FILE = SpreadsCalculator/Info.plist;
				LD_RUNPATH_SEARCH_PATHS = (
					"$(inherited)",
					"@executable_path/Frameworks",
				);
				PRODUCT_BUNDLE_IDENTIFIER = com.DevinS.SpreadsCalculator;
				PRODUCT_NAME = "$(TARGET_NAME)";
				SWIFT_VERSION = 5.0;
				TARGETED_DEVICE_FAMILY = "1,2";
			};
			name = Release;
		};
/* End XCBuildConfiguration section */

/* Begin XCConfigurationList section */
		658D298923F206C000D7D20A /* Build configuration list for PBXProject "SpreadsCalculator" */ = {
			isa = XCConfigurationList;
			buildConfigurations = (
				658D29A023F206C100D7D20A /* Debug */,
				658D29A123F206C100D7D20A /* Release */,
			);
			defaultConfigurationIsVisible = 0;
			defaultConfigurationName = Release;
		};
		658D29A223F206C100D7D20A /* Build configuration list for PBXNativeTarget "SpreadsCalculator" */ = {
			isa = XCConfigurationList;
			buildConfigurations = (
				658D29A323F206C100D7D20A /* Debug */,
				658D29A423F206C100D7D20A /* Release */,
			);
			defaultConfigurationIsVisible = 0;
			defaultConfigurationName = Release;
		};
/* End XCConfigurationList section */
	};
	rootObject = 658D298623F206C000D7D20A /* Project object */;
}
